// !$*UTF8*$!
{
	archiveVersion = 1;
	classes = {
	};
	objectVersion = 46;
	objects = {

/* Begin PBXBuildFile section */
		299701001D9E5C6500169332 /* AppDelegate.swift in Sources */ = {isa = PBXBuildFile; fileRef = 299700FF1D9E5C6500169332 /* AppDelegate.swift */; };
		299701021D9E5C6500169332 /* ViewController.swift in Sources */ = {isa = PBXBuildFile; fileRef = 299701011D9E5C6500169332 /* ViewController.swift */; };
		299701051D9E5C6500169332 /* Main.storyboard in Resources */ = {isa = PBXBuildFile; fileRef = 299701031D9E5C6500169332 /* Main.storyboard */; };
		299701071D9E5C6500169332 /* Assets.xcassets in Resources */ = {isa = PBXBuildFile; fileRef = 299701061D9E5C6500169332 /* Assets.xcassets */; };
		2997010A1D9E5C6500169332 /* LaunchScreen.storyboard in Resources */ = {isa = PBXBuildFile; fileRef = 299701081D9E5C6500169332 /* LaunchScreen.storyboard */; };
		299701121D9E5D1D00169332 /* MyCollectionViewCell.swift in Sources */ = {isa = PBXBuildFile; fileRef = 299701111D9E5D1D00169332 /* MyCollectionViewCell.swift */; };
/* End PBXBuildFile section */

/* Begin PBXFileReference section */
		299700FC1D9E5C6500169332 /* PrefetchingSample.app */ = {isa = PBXFileReference; explicitFileType = wrapper.application; includeInIndex = 0; path = PrefetchingSample.app; sourceTree = BUILT_PRODUCTS_DIR; };
		299700FF1D9E5C6500169332 /* AppDelegate.swift */ = {isa = PBXFileReference; lastKnownFileType = sourcecode.swift; path = AppDelegate.swift; sourceTree = "<group>"; };
		299701011D9E5C6500169332 /* ViewController.swift */ = {isa = PBXFileReference; lastKnownFileType = sourcecode.swift; path = ViewController.swift; sourceTree = "<group>"; };
		299701041D9E5C6500169332 /* Base */ = {isa = PBXFileReference; lastKnownFileType = file.storyboard; name = Base; path = Base.lproj/Main.storyboard; sourceTree = "<group>"; };
		299701061D9E5C6500169332 /* Assets.xcassets */ = {isa = PBXFileReference; lastKnownFileType = folder.assetcatalog; path = Assets.xcassets; sourceTree = "<group>"; };
		299701091D9E5C6500169332 /* Base */ = {isa = PBXFileReference; lastKnownFileType = file.storyboard; name = Base; path = Base.lproj/LaunchScreen.storyboard; sourceTree = "<group>"; };
		2997010B1D9E5C6500169332 /* Info.plist */ = {isa = PBXFileReference; lastKnownFileType = text.plist.xml; path = Info.plist; sourceTree = "<group>"; };
		299701111D9E5D1D00169332 /* MyCollectionViewCell.swift */ = {isa = PBXFileReference; fileEncoding = 4; lastKnownFileType = sourcecode.swift; path = MyCollectionViewCell.swift; sourceTree = "<group>"; };
/* End PBXFileReference section */

/* Begin PBXFrameworksBuildPhase section */
		299700F91D9E5C6500169332 /* Frameworks */ = {
			isa = PBXFrameworksBuildPhase;
			buildActionMask = 2147483647;
			files = (
			);
			runOnlyForDeploymentPostprocessing = 0;
		};
/* End PBXFrameworksBuildPhase section */

/* Begin PBXGroup section */
		299700F31D9E5C6500169332 = {
			isa = PBXGroup;
			children = (
				299700FE1D9E5C6500169332 /* PrefetchingSample */,
				299700FD1D9E5C6500169332 /* Products */,
			);
			sourceTree = "<group>";
		};
		299700FD1D9E5C6500169332 /* Products */ = {
			isa = PBXGroup;
			children = (
				299700FC1D9E5C6500169332 /* PrefetchingSample.app */,
			);
			name = Products;
			sourceTree = "<group>";
		};
		299700FE1D9E5C6500169332 /* PrefetchingSample */ = {
			isa = PBXGroup;
			children = (
				299700FF1D9E5C6500169332 /* AppDelegate.swift */,
				299701011D9E5C6500169332 /* ViewController.swift */,
				299701031D9E5C6500169332 /* Main.storyboard */,
				299701061D9E5C6500169332 /* Assets.xcassets */,
				299701081D9E5C6500169332 /* LaunchScreen.storyboard */,
				2997010B1D9E5C6500169332 /* Info.plist */,
				299701111D9E5D1D00169332 /* MyCollectionViewCell.swift */,
			);
			path = PrefetchingSample;
			sourceTree = "<group>";
		};
/* End PBXGroup section */

/* Begin PBXNativeTarget section */
		299700FB1D9E5C6500169332 /* PrefetchingSample */ = {
			isa = PBXNativeTarget;
			buildConfigurationList = 2997010E1D9E5C6500169332 /* Build configuration list for PBXNativeTarget "PrefetchingSample" */;
			buildPhases = (
				299700F81D9E5C6500169332 /* Sources */,
				299700F91D9E5C6500169332 /* Frameworks */,
				299700FA1D9E5C6500169332 /* Resources */,
			);
			buildRules = (
			);
			dependencies = (
			);
			name = PrefetchingSample;
			productName = PrefetchingSample;
			productReference = 299700FC1D9E5C6500169332 /* PrefetchingSample.app */;
			productType = "com.apple.product-type.application";
		};
/* End PBXNativeTarget section */

/* Begin PBXProject section */
		299700F41D9E5C6500169332 /* Project object */ = {
			isa = PBXProject;
			attributes = {
				LastSwiftUpdateCheck = 0800;
				LastUpgradeCheck = 0800;
				ORGANIZATIONNAME = "Stefan Gugarel";
				TargetAttributes = {
					299700FB1D9E5C6500169332 = {
						CreatedOnToolsVersion = 8.0;
						DevelopmentTeam = Z7L2YCUH45;
						ProvisioningStyle = Automatic;
					};
				};
			};
			buildConfigurationList = 299700F71D9E5C6500169332 /* Build configuration list for PBXProject "PrefetchingSample" */;
			compatibilityVersion = "Xcode 3.2";
			developmentRegion = English;
			hasScannedForEncodings = 0;
			knownRegions = (
				en,
				Base,
			);
			mainGroup = 299700F31D9E5C6500169332;
			productRefGroup = 299700FD1D9E5C6500169332 /* Products */;
			projectDirPath = "";
			projectRoot = "";
			targets = (
				299700FB1D9E5C6500169332 /* PrefetchingSample */,
			);
		};
/* End PBXProject section */

/* Begin PBXResourcesBuildPhase section */
		299700FA1D9E5C6500169332 /* Resources */ = {
			isa = PBXResourcesBuildPhase;
			buildActionMask = 2147483647;
			files = (
				2997010A1D9E5C6500169332 /* LaunchScreen.storyboard in Resources */,
				299701071D9E5C6500169332 /* Assets.xcassets in Resources */,
				299701051D9E5C6500169332 /* Main.storyboard in Resources */,
			);
			runOnlyForDeploymentPostprocessing = 0;
		};
/* End PBXResourcesBuildPhase section */

/* Begin PBXSourcesBuildPhase section */
		299700F81D9E5C6500169332 /* Sources */ = {
			isa = PBXSourcesBuildPhase;
			buildActionMask = 2147483647;
			files = (
				299701021D9E5C6500169332 /* ViewController.swift in Sources */,
				299701001D9E5C6500169332 /* AppDelegate.swift in Sources */,
				299701121D9E5D1D00169332 /* MyCollectionViewCell.swift in Sources */,
			);
			runOnlyForDeploymentPostprocessing = 0;
		};
/* End PBXSourcesBuildPhase section */

/* Begin PBXVariantGroup section */
		299701031D9E5C6500169332 /* Main.storyboard */ = {
			isa = PBXVariantGroup;
			children = (
				299701041D9E5C6500169332 /* Base */,
			);
			name = Main.storyboard;
			sourceTree = "<group>";
		};
		299701081D9E5C6500169332 /* LaunchScreen.storyboard */ = {
			isa = PBXVariantGroup;
			children = (
				299701091D9E5C6500169332 /* Base */,
			);
			name = LaunchScreen.storyboard;
			sourceTree = "<group>";
		};
/* End PBXVariantGroup section */

/* Begin XCBuildConfiguration section */
		2997010C1D9E5C6500169332 /* Debug */ = {
			isa = XCBuildConfiguration;
			buildSettings = {
				ALWAYS_SEARCH_USER_PATHS = NO;
				CLANG_ANALYZER_NONNULL = YES;
				CLANG_CXX_LANGUAGE_STANDARD = "gnu++0x";
				CLANG_CXX_LIBRARY = "libc++";
				CLANG_ENABLE_MODULES = YES;
				CLANG_ENABLE_OBJC_ARC = YES;
				CLANG_WARN_BOOL_CONVERSION = YES;
				CLANG_WARN_CONSTANT_CONVERSION = YES;
				CLANG_WARN_DIRECT_OBJC_ISA_USAGE = YES_ERROR;
				CLANG_WARN_DOCUMENTATION_COMMENTS = YES;
				CLANG_WARN_EMPTY_BODY = YES;
				CLANG_WARN_ENUM_CONVERSION = YES;
				CLANG_WARN_INFINITE_RECURSION = YES;
				CLANG_WARN_INT_CONVERSION = YES;
				CLANG_WARN_OBJC_ROOT_CLASS = YES_ERROR;
				CLANG_WARN_SUSPICIOUS_MOVES = YES;
				CLANG_WARN_UNREACHABLE_CODE = YES;
				CLANG_WARN__DUPLICATE_METHOD_MATCH = YES;
				"CODE_SIGN_IDENTITY[sdk=iphoneos*]" = "iPhone Developer";
				COPY_PHASE_STRIP = NO;
				DEBUG_INFORMATION_FORMAT = dwarf;
				ENABLE_STRICT_OBJC_MSGSEND = YES;
				ENABLE_TESTABILITY = YES;
				GCC_C_LANGUAGE_STANDARD = gnu99;
				GCC_DYNAMIC_NO_PIC = NO;
				GCC_NO_COMMON_BLOCKS = YES;
				GCC_OPTIMIZATION_LEVEL = 0;
				GCC_PREPROCESSOR_DEFINITIONS = (
					"DEBUG=1",
					"$(inherited)",
				);
				GCC_WARN_64_TO_32_BIT_CONVERSION = YES;
				GCC_WARN_ABOUT_RETURN_TYPE = YES_ERROR;
				GCC_WARN_UNDECLARED_SELECTOR = YES;
				GCC_WARN_UNINITIALIZED_AUTOS = YES_AGGRESSIVE;
				GCC_WARN_UNUSED_FUNCTION = YES;
				GCC_WARN_UNUSED_VARIABLE = YES;
				IPHONEOS_DEPLOYMENT_TARGET = 10.0;
				MTL_ENABLE_DEBUG_INFO = YES;
				ONLY_ACTIVE_ARCH = YES;
				SDKROOT = iphoneos;
				SWIFT_ACTIVE_COMPILATION_CONDITIONS = DEBUG;
				SWIFT_OPTIMIZATION_LEVEL = "-Onone";
				TARGETED_DEVICE_FAMILY = "1,2";
			};
			name = Debug;
		};
		2997010D1D9E5C6500169332 /* Release */ = {
			isa = XCBuildConfiguration;
			buildSettings = {
				ALWAYS_SEARCH_USER_PATHS = NO;
				CLANG_ANALYZER_NONNULL = YES;
				CLANG_CXX_LANGUAGE_STANDARD = "gnu++0x";
				CLANG_CXX_LIBRARY = "libc++";
				CLANG_ENABLE_MODULES = YES;
				CLANG_ENABLE_OBJC_ARC = YES;
				CLANG_WARN_BOOL_CONVERSION = YES;
				CLANG_WARN_CONSTANT_CONVERSION = YES;
				CLANG_WARN_DIRECT_OBJC_ISA_USAGE = YES_ERROR;
				CLANG_WARN_DOCUMENTATION_COMMENTS = YES;
				CLANG_WARN_EMPTY_BODY = YES;
				CLANG_WARN_ENUM_CONVERSION = YES;
				CLANG_WARN_INFINITE_RECURSION = YES;
				CLANG_WARN_INT_CONVERSION = YES;
				CLANG_WARN_OBJC_ROOT_CLASS = YES_ERROR;
				CLANG_WARN_SUSPICIOUS_MOVES = YES;
				CLANG_WARN_UNREACHABLE_CODE = YES;
				CLANG_WARN__DUPLICATE_METHOD_MATCH = YES;
				"CODE_SIGN_IDENTITY[sdk=iphoneos*]" = "iPhone Developer";
				COPY_PHASE_STRIP = NO;
				DEBUG_INFORMATION_FORMAT = "dwarf-with-dsym";
				ENABLE_NS_ASSERTIONS = NO;
				ENABLE_STRICT_OBJC_MSGSEND = YES;
				GCC_C_LANGUAGE_STANDARD = gnu99;
				GCC_NO_COMMON_BLOCKS = YES;
				GCC_WARN_64_TO_32_BIT_CONVERSION = YES;
				GCC_WARN_ABOUT_RETURN_TYPE = YES_ERROR;
				GCC_WARN_UNDECLARED_SELECTOR = YES;
				GCC_WARN_UNINITIALIZED_AUTOS = YES_AGGRESSIVE;
				GCC_WARN_UNUSED_FUNCTION = YES;
				GCC_WARN_UNUSED_VARIABLE = YES;
				IPHONEOS_DEPLOYMENT_TARGET = 10.0;
				MTL_ENABLE_DEBUG_INFO = NO;
				SDKROOT = iphoneos;
				SWIFT_OPTIMIZATION_LEVEL = "-Owholemodule";
				TARGETED_DEVICE_FAMILY = "1,2";
				VALIDATE_PRODUCT = YES;
			};
			name = Release;
		};
		2997010F1D9E5C6500169332 /* Debug */ = {
			isa = XCBuildConfiguration;
			buildSettings = {
				ASSETCATALOG_COMPILER_APPICON_NAME = AppIcon;
				DEVELOPMENT_TEAM = Z7L2YCUH45;
				INFOPLIST_FILE = PrefetchingSample/Info.plist;
				LD_RUNPATH_SEARCH_PATHS = "$(inherited) @executable_path/Frameworks";
				PRODUCT_BUNDLE_IDENTIFIER = com.drobnik.PrefetchingSample;
				PRODUCT_NAME = "$(TARGET_NAME)";
				SWIFT_VERSION = 3.0;
			};
			name = Debug;
		};
		299701101D9E5C6500169332 /* Release */ = {
			isa = XCBuildConfiguration;
			buildSettings = {
				ASSETCATALOG_COMPILER_APPICON_NAME = AppIcon;
				DEVELOPMENT_TEAM = Z7L2YCUH45;
				INFOPLIST_FILE = PrefetchingSample/Info.plist;
				LD_RUNPATH_SEARCH_PATHS = "$(inherited) @executable_path/Frameworks";
				PRODUCT_BUNDLE_IDENTIFIER = com.drobnik.PrefetchingSample;
				PRODUCT_NAME = "$(TARGET_NAME)";
				SWIFT_VERSION = 3.0;
			};
			name = Release;
		};
/* End XCBuildConfiguration section */

/* Begin XCConfigurationList section */
		299700F71D9E5C6500169332 /* Build configuration list for PBXProject "PrefetchingSample" */ = {
			isa = XCConfigurationList;
			buildConfigurations = (
				2997010C1D9E5C6500169332 /* Debug */,
				2997010D1D9E5C6500169332 /* Release */,
			);
			defaultConfigurationIsVisible = 0;
			defaultConfigurationName = Release;
		};
		2997010E1D9E5C6500169332 /* Build configuration list for PBXNativeTarget "PrefetchingSample" */ = {
			isa = XCConfigurationList;
			buildConfigurations = (
				2997010F1D9E5C6500169332 /* Debug */,
				299701101D9E5C6500169332 /* Release */,
			);
			defaultConfigurationIsVisible = 0;
		};
/* End XCConfigurationList section */
	};
	rootObject = 299700F41D9E5C6500169332 /* Project object */;
}
