// !$*UTF8*$!
{
	archiveVersion = 1;
	classes = {
	};
	objectVersion = 46;
	objects = {

/* Begin PBXBuildFile section */
		A755E6E017A2AD6B00632BFE /* Foundation.framework in Frameworks */ = {isa = PBXBuildFile; fileRef = A755E6DF17A2AD6B00632BFE /* Foundation.framework */; };
		A755E6E217A2AD6B00632BFE /* CoreGraphics.framework in Frameworks */ = {isa = PBXBuildFile; fileRef = A755E6E117A2AD6B00632BFE /* CoreGraphics.framework */; };
		A755E6E417A2AD6B00632BFE /* UIKit.framework in Frameworks */ = {isa = PBXBuildFile; fileRef = A755E6E317A2AD6B00632BFE /* UIKit.framework */; };
		A755E6EC17A2AD6B00632BFE /* main.m in Sources */ = {isa = PBXBuildFile; fileRef = A755E6EB17A2AD6B00632BFE /* main.m */; };
		A755E6F017A2AD6B00632BFE /* AppDelegate.m in Sources */ = {isa = PBXBuildFile; fileRef = A755E6EF17A2AD6B00632BFE /* AppDelegate.m */; };
		A755E6F817A2AD6B00632BFE /* Images.xcassets in Resources */ = {isa = PBXBuildFile; fileRef = A755E6F717A2AD6B00632BFE /* Images.xcassets */; };
		A755E6FF17A2AD6B00632BFE /* XCTest.framework in Frameworks */ = {isa = PBXBuildFile; fileRef = A755E6FE17A2AD6B00632BFE /* XCTest.framework */; };
		A755E70017A2AD6B00632BFE /* Foundation.framework in Frameworks */ = {isa = PBXBuildFile; fileRef = A755E6DF17A2AD6B00632BFE /* Foundation.framework */; };
		A755E70117A2AD6B00632BFE /* UIKit.framework in Frameworks */ = {isa = PBXBuildFile; fileRef = A755E6E317A2AD6B00632BFE /* UIKit.framework */; };
		A755E71817A2AD8000632BFE /* DTCodeScannerViewController.m in Sources */ = {isa = PBXBuildFile; fileRef = A755E71517A2AD8000632BFE /* DTCodeScannerViewController.m */; };
		A755E71917A2AD8000632BFE /* DTCodeScannerView.m in Sources */ = {isa = PBXBuildFile; fileRef = A755E71717A2AD8000632BFE /* DTCodeScannerView.m */; };
/* End PBXBuildFile section */

/* Begin PBXContainerItemProxy section */
		A755E70217A2AD6B00632BFE /* PBXContainerItemProxy */ = {
			isa = PBXContainerItemProxy;
			containerPortal = A755E6D417A2AD6B00632BFE /* Project object */;
			proxyType = 1;
			remoteGlobalIDString = A755E6DB17A2AD6B00632BFE;
			remoteInfo = ScanAreaBug;
		};
/* End PBXContainerItemProxy section */

/* Begin PBXFileReference section */
		A755E6DC17A2AD6B00632BFE /* ScanAreaBug.app */ = {isa = PBXFileReference; explicitFileType = wrapper.application; includeInIndex = 0; path = ScanAreaBug.app; sourceTree = BUILT_PRODUCTS_DIR; };
		A755E6DF17A2AD6B00632BFE /* Foundation.framework */ = {isa = PBXFileReference; lastKnownFileType = wrapper.framework; name = Foundation.framework; path = System/Library/Frameworks/Foundation.framework; sourceTree = SDKROOT; };
		A755E6E117A2AD6B00632BFE /* CoreGraphics.framework */ = {isa = PBXFileReference; lastKnownFileType = wrapper.framework; name = CoreGraphics.framework; path = System/Library/Frameworks/CoreGraphics.framework; sourceTree = SDKROOT; };
		A755E6E317A2AD6B00632BFE /* UIKit.framework */ = {isa = PBXFileReference; lastKnownFileType = wrapper.framework; name = UIKit.framework; path = System/Library/Frameworks/UIKit.framework; sourceTree = SDKROOT; };
		A755E6E717A2AD6B00632BFE /* ScanAreaBug-Info.plist */ = {isa = PBXFileReference; lastKnownFileType = text.plist.xml; path = "ScanAreaBug-Info.plist"; sourceTree = "<group>"; };
		A755E6EB17A2AD6B00632BFE /* main.m */ = {isa = PBXFileReference; lastKnownFileType = sourcecode.c.objc; path = main.m; sourceTree = "<group>"; };
		A755E6ED17A2AD6B00632BFE /* ScanAreaBug-Prefix.pch */ = {isa = PBXFileReference; lastKnownFileType = sourcecode.c.h; path = "ScanAreaBug-Prefix.pch"; sourceTree = "<group>"; };
		A755E6EE17A2AD6B00632BFE /* AppDelegate.h */ = {isa = PBXFileReference; lastKnownFileType = sourcecode.c.h; path = AppDelegate.h; sourceTree = "<group>"; };
		A755E6EF17A2AD6B00632BFE /* AppDelegate.m */ = {isa = PBXFileReference; lastKnownFileType = sourcecode.c.objc; path = AppDelegate.m; sourceTree = "<group>"; };
		A755E6F717A2AD6B00632BFE /* Images.xcassets */ = {isa = PBXFileReference; lastKnownFileType = folder.assetcatalog; path = Images.xcassets; sourceTree = "<group>"; };
		A755E6FD17A2AD6B00632BFE /* ScanAreaBugTests.xctest */ = {isa = PBXFileReference; explicitFileType = wrapper.cfbundle; includeInIndex = 0; path = ScanAreaBugTests.xctest; sourceTree = BUILT_PRODUCTS_DIR; };
		A755E6FE17A2AD6B00632BFE /* XCTest.framework */ = {isa = PBXFileReference; lastKnownFileType = wrapper.framework; name = XCTest.framework; path = Library/Frameworks/XCTest.framework; sourceTree = DEVELOPER_DIR; };
		A755E71417A2AD8000632BFE /* DTCodeScannerViewController.h */ = {isa = PBXFileReference; fileEncoding = 4; lastKnownFileType = sourcecode.c.h; path = DTCodeScannerViewController.h; sourceTree = "<group>"; };
		A755E71517A2AD8000632BFE /* DTCodeScannerViewController.m */ = {isa = PBXFileReference; fileEncoding = 4; lastKnownFileType = sourcecode.c.objc; path = DTCodeScannerViewController.m; sourceTree = "<group>"; };
		A755E71617A2AD8000632BFE /* DTCodeScannerView.h */ = {isa = PBXFileReference; fileEncoding = 4; lastKnownFileType = sourcecode.c.h; path = DTCodeScannerView.h; sourceTree = "<group>"; };
		A755E71717A2AD8000632BFE /* DTCodeScannerView.m */ = {isa = PBXFileReference; fileEncoding = 4; lastKnownFileType = sourcecode.c.objc; path = DTCodeScannerView.m; sourceTree = "<group>"; };
/* End PBXFileReference section */

/* Begin PBXFrameworksBuildPhase section */
		A755E6D917A2AD6B00632BFE /* Frameworks */ = {
			isa = PBXFrameworksBuildPhase;
			buildActionMask = 2147483647;
			files = (
				A755E6E217A2AD6B00632BFE /* CoreGraphics.framework in Frameworks */,
				A755E6E417A2AD6B00632BFE /* UIKit.framework in Frameworks */,
				A755E6E017A2AD6B00632BFE /* Foundation.framework in Frameworks */,
			);
			runOnlyForDeploymentPostprocessing = 0;
		};
		A755E6FA17A2AD6B00632BFE /* Frameworks */ = {
			isa = PBXFrameworksBuildPhase;
			buildActionMask = 2147483647;
			files = (
				A755E6FF17A2AD6B00632BFE /* XCTest.framework in Frameworks */,
				A755E70117A2AD6B00632BFE /* UIKit.framework in Frameworks */,
				A755E70017A2AD6B00632BFE /* Foundation.framework in Frameworks */,
			);
			runOnlyForDeploymentPostprocessing = 0;
		};
/* End PBXFrameworksBuildPhase section */

/* Begin PBXGroup section */
		A755E6D317A2AD6B00632BFE = {
			isa = PBXGroup;
			children = (
				A755E6E517A2AD6B00632BFE /* ScanAreaBug */,
				A755E6DE17A2AD6B00632BFE /* Frameworks */,
				A755E6DD17A2AD6B00632BFE /* Products */,
			);
			sourceTree = "<group>";
		};
		A755E6DD17A2AD6B00632BFE /* Products */ = {
			isa = PBXGroup;
			children = (
				A755E6DC17A2AD6B00632BFE /* ScanAreaBug.app */,
				A755E6FD17A2AD6B00632BFE /* ScanAreaBugTests.xctest */,
			);
			name = Products;
			sourceTree = "<group>";
		};
		A755E6DE17A2AD6B00632BFE /* Frameworks */ = {
			isa = PBXGroup;
			children = (
				A755E6DF17A2AD6B00632BFE /* Foundation.framework */,
				A755E6E117A2AD6B00632BFE /* CoreGraphics.framework */,
				A755E6E317A2AD6B00632BFE /* UIKit.framework */,
				A755E6FE17A2AD6B00632BFE /* XCTest.framework */,
			);
			name = Frameworks;
			sourceTree = "<group>";
		};
		A755E6E517A2AD6B00632BFE /* ScanAreaBug */ = {
			isa = PBXGroup;
			children = (
				A755E71417A2AD8000632BFE /* DTCodeScannerViewController.h */,
				A755E71517A2AD8000632BFE /* DTCodeScannerViewController.m */,
				A755E71617A2AD8000632BFE /* DTCodeScannerView.h */,
				A755E71717A2AD8000632BFE /* DTCodeScannerView.m */,
				A755E6EE17A2AD6B00632BFE /* AppDelegate.h */,
				A755E6EF17A2AD6B00632BFE /* AppDelegate.m */,
				A755E6F717A2AD6B00632BFE /* Images.xcassets */,
				A755E6E617A2AD6B00632BFE /* Supporting Files */,
			);
			path = ScanAreaBug;
			sourceTree = "<group>";
		};
		A755E6E617A2AD6B00632BFE /* Supporting Files */ = {
			isa = PBXGroup;
			children = (
				A755E6E717A2AD6B00632BFE /* ScanAreaBug-Info.plist */,
				A755E6EB17A2AD6B00632BFE /* main.m */,
				A755E6ED17A2AD6B00632BFE /* ScanAreaBug-Prefix.pch */,
			);
			name = "Supporting Files";
			sourceTree = "<group>";
		};
/* End PBXGroup section */

/* Begin PBXNativeTarget section */
		A755E6DB17A2AD6B00632BFE /* ScanAreaBug */ = {
			isa = PBXNativeTarget;
			buildConfigurationList = A755E70E17A2AD6B00632BFE /* Build configuration list for PBXNativeTarget "ScanAreaBug" */;
			buildPhases = (
				A755E6D817A2AD6B00632BFE /* Sources */,
				A755E6D917A2AD6B00632BFE /* Frameworks */,
				A755E6DA17A2AD6B00632BFE /* Resources */,
			);
			buildRules = (
			);
			dependencies = (
			);
			name = ScanAreaBug;
			productName = ScanAreaBug;
			productReference = A755E6DC17A2AD6B00632BFE /* ScanAreaBug.app */;
			productType = "com.apple.product-type.application";
		};
		A755E6FC17A2AD6B00632BFE /* ScanAreaBugTests */ = {
			isa = PBXNativeTarget;
			buildConfigurationList = A755E71117A2AD6B00632BFE /* Build configuration list for PBXNativeTarget "ScanAreaBugTests" */;
			buildPhases = (
				A755E6F917A2AD6B00632BFE /* Sources */,
				A755E6FA17A2AD6B00632BFE /* Frameworks */,
				A755E6FB17A2AD6B00632BFE /* Resources */,
			);
			buildRules = (
			);
			dependencies = (
				A755E70317A2AD6B00632BFE /* PBXTargetDependency */,
			);
			name = ScanAreaBugTests;
			productName = ScanAreaBugTests;
			productReference = A755E6FD17A2AD6B00632BFE /* ScanAreaBugTests.xctest */;
			productType = "com.apple.product-type.bundle.unit-test";
		};
/* End PBXNativeTarget section */

/* Begin PBXProject section */
		A755E6D417A2AD6B00632BFE /* Project object */ = {
			isa = PBXProject;
			attributes = {
				LastUpgradeCheck = 0500;
				ORGANIZATIONNAME = "Oliver Drobnik";
				TargetAttributes = {
					A755E6FC17A2AD6B00632BFE = {
						TestTargetID = A755E6DB17A2AD6B00632BFE;
					};
				};
			};
			buildConfigurationList = A755E6D717A2AD6B00632BFE /* Build configuration list for PBXProject "ScanAreaBug" */;
			compatibilityVersion = "Xcode 3.2";
			developmentRegion = English;
			hasScannedForEncodings = 0;
			knownRegions = (
				en,
				Base,
			);
			mainGroup = A755E6D317A2AD6B00632BFE;
			productRefGroup = A755E6DD17A2AD6B00632BFE /* Products */;
			projectDirPath = "";
			projectRoot = "";
			targets = (
				A755E6DB17A2AD6B00632BFE /* ScanAreaBug */,
				A755E6FC17A2AD6B00632BFE /* ScanAreaBugTests */,
			);
		};
/* End PBXProject section */

/* Begin PBXResourcesBuildPhase section */
		A755E6DA17A2AD6B00632BFE /* Resources */ = {
			isa = PBXResourcesBuildPhase;
			buildActionMask = 2147483647;
			files = (
				A755E6F817A2AD6B00632BFE /* Images.xcassets in Resources */,
			);
			runOnlyForDeploymentPostprocessing = 0;
		};
		A755E6FB17A2AD6B00632BFE /* Resources */ = {
			isa = PBXResourcesBuildPhase;
			buildActionMask = 2147483647;
			files = (
			);
			runOnlyForDeploymentPostprocessing = 0;
		};
/* End PBXResourcesBuildPhase section */

/* Begin PBXSourcesBuildPhase section */
		A755E6D817A2AD6B00632BFE /* Sources */ = {
			isa = PBXSourcesBuildPhase;
			buildActionMask = 2147483647;
			files = (
				A755E71817A2AD8000632BFE /* DTCodeScannerViewController.m in Sources */,
				A755E71917A2AD8000632BFE /* DTCodeScannerView.m in Sources */,
				A755E6F017A2AD6B00632BFE /* AppDelegate.m in Sources */,
				A755E6EC17A2AD6B00632BFE /* main.m in Sources */,
			);
			runOnlyForDeploymentPostprocessing = 0;
		};
		A755E6F917A2AD6B00632BFE /* Sources */ = {
			isa = PBXSourcesBuildPhase;
			buildActionMask = 2147483647;
			files = (
			);
			runOnlyForDeploymentPostprocessing = 0;
		};
/* End PBXSourcesBuildPhase section */

/* Begin PBXTargetDependency section */
		A755E70317A2AD6B00632BFE /* PBXTargetDependency */ = {
			isa = PBXTargetDependency;
			target = A755E6DB17A2AD6B00632BFE /* ScanAreaBug */;
			targetProxy = A755E70217A2AD6B00632BFE /* PBXContainerItemProxy */;
		};
/* End PBXTargetDependency section */

/* Begin XCBuildConfiguration section */
		A755E70C17A2AD6B00632BFE /* Debug */ = {
			isa = XCBuildConfiguration;
			buildSettings = {
				ALWAYS_SEARCH_USER_PATHS = NO;
				CLANG_CXX_LANGUAGE_STANDARD = "gnu++0x";
				CLANG_CXX_LIBRARY = "libc++";
				CLANG_ENABLE_MODULES = YES;
				CLANG_ENABLE_OBJC_ARC = YES;
				CLANG_WARN_BOOL_CONVERSION = YES;
				CLANG_WARN_CONSTANT_CONVERSION = YES;
				CLANG_WARN_DIRECT_OBJC_ISA_USAGE = YES_ERROR;
				CLANG_WARN_EMPTY_BODY = YES;
				CLANG_WARN_ENUM_CONVERSION = YES;
				CLANG_WARN_INT_CONVERSION = YES;
				CLANG_WARN_OBJC_ROOT_CLASS = YES_ERROR;
				CLANG_WARN__DUPLICATE_METHOD_MATCH = YES;
				"CODE_SIGN_IDENTITY[sdk=iphoneos*]" = "iPhone Developer";
				COPY_PHASE_STRIP = NO;
				GCC_C_LANGUAGE_STANDARD = gnu99;
				GCC_DYNAMIC_NO_PIC = NO;
				GCC_OPTIMIZATION_LEVEL = 0;
				GCC_PREPROCESSOR_DEFINITIONS = (
					"DEBUG=1",
					"$(inherited)",
				);
				GCC_SYMBOLS_PRIVATE_EXTERN = NO;
				GCC_WARN_ABOUT_RETURN_TYPE = YES_ERROR;
				GCC_WARN_UNDECLARED_SELECTOR = YES;
				GCC_WARN_UNINITIALIZED_AUTOS = YES;
				GCC_WARN_UNUSED_FUNCTION = YES;
				GCC_WARN_UNUSED_VARIABLE = YES;
				IPHONEOS_DEPLOYMENT_TARGET = 7.0;
				ONLY_ACTIVE_ARCH = YES;
				SDKROOT = iphoneos;
			};
			name = Debug;
		};
		A755E70D17A2AD6B00632BFE /* Release */ = {
			isa = XCBuildConfiguration;
			buildSettings = {
				ALWAYS_SEARCH_USER_PATHS = NO;
				CLANG_CXX_LANGUAGE_STANDARD = "gnu++0x";
				CLANG_CXX_LIBRARY = "libc++";
				CLANG_ENABLE_MODULES = YES;
				CLANG_ENABLE_OBJC_ARC = YES;
				CLANG_WARN_BOOL_CONVERSION = YES;
				CLANG_WARN_CONSTANT_CONVERSION = YES;
				CLANG_WARN_DIRECT_OBJC_ISA_USAGE = YES_ERROR;
				CLANG_WARN_EMPTY_BODY = YES;
				CLANG_WARN_ENUM_CONVERSION = YES;
				CLANG_WARN_INT_CONVERSION = YES;
				CLANG_WARN_OBJC_ROOT_CLASS = YES_ERROR;
				CLANG_WARN__DUPLICATE_METHOD_MATCH = YES;
				"CODE_SIGN_IDENTITY[sdk=iphoneos*]" = "iPhone Developer";
				COPY_PHASE_STRIP = YES;
				ENABLE_NS_ASSERTIONS = NO;
				GCC_C_LANGUAGE_STANDARD = gnu99;
				GCC_WARN_ABOUT_RETURN_TYPE = YES_ERROR;
				GCC_WARN_UNDECLARED_SELECTOR = YES;
				GCC_WARN_UNINITIALIZED_AUTOS = YES;
				GCC_WARN_UNUSED_FUNCTION = YES;
				GCC_WARN_UNUSED_VARIABLE = YES;
				IPHONEOS_DEPLOYMENT_TARGET = 7.0;
				SDKROOT = iphoneos;
				VALIDATE_PRODUCT = YES;
			};
			name = Release;
		};
		A755E70F17A2AD6B00632BFE /* Debug */ = {
			isa = XCBuildConfiguration;
			buildSettings = {
				ASSETCATALOG_COMPILER_APPICON_NAME = AppIcon;
				ASSETCATALOG_COMPILER_LAUNCHIMAGE_NAME = LaunchImage;
				GCC_PRECOMPILE_PREFIX_HEADER = YES;
				GCC_PREFIX_HEADER = "ScanAreaBug/ScanAreaBug-Prefix.pch";
				INFOPLIST_FILE = "ScanAreaBug/ScanAreaBug-Info.plist";
				PRODUCT_NAME = "$(TARGET_NAME)";
				WRAPPER_EXTENSION = app;
			};
			name = Debug;
		};
		A755E71017A2AD6B00632BFE /* Release */ = {
			isa = XCBuildConfiguration;
			buildSettings = {
				ASSETCATALOG_COMPILER_APPICON_NAME = AppIcon;
				ASSETCATALOG_COMPILER_LAUNCHIMAGE_NAME = LaunchImage;
				GCC_PRECOMPILE_PREFIX_HEADER = YES;
				GCC_PREFIX_HEADER = "ScanAreaBug/ScanAreaBug-Prefix.pch";
				INFOPLIST_FILE = "ScanAreaBug/ScanAreaBug-Info.plist";
				PRODUCT_NAME = "$(TARGET_NAME)";
				WRAPPER_EXTENSION = app;
			};
			name = Release;
		};
		A755E71217A2AD6B00632BFE /* Debug */ = {
			isa = XCBuildConfiguration;
			buildSettings = {
				BUNDLE_LOADER = "$(BUILT_PRODUCTS_DIR)/ScanAreaBug.app/ScanAreaBug";
				FRAMEWORK_SEARCH_PATHS = (
					"$(SDKROOT)/Developer/Library/Frameworks",
					"$(inherited)",
					"$(SYSTEM_APPS_DIR)/Xcode5-DP3.app/Contents/Developer/Library/Frameworks",
				);
				GCC_PRECOMPILE_PREFIX_HEADER = YES;
				GCC_PREFIX_HEADER = "ScanAreaBug/ScanAreaBug-Prefix.pch";
				GCC_PREPROCESSOR_DEFINITIONS = (
					"DEBUG=1",
					"$(inherited)",
				);
				INFOPLIST_FILE = "ScanAreaBugTests/ScanAreaBugTests-Info.plist";
				PRODUCT_NAME = "$(TARGET_NAME)";
				TEST_HOST = "$(BUNDLE_LOADER)";
				WRAPPER_EXTENSION = xctest;
			};
			name = Debug;
		};
		A755E71317A2AD6B00632BFE /* Release */ = {
			isa = XCBuildConfiguration;
			buildSettings = {
				BUNDLE_LOADER = "$(BUILT_PRODUCTS_DIR)/ScanAreaBug.app/ScanAreaBug";
				FRAMEWORK_SEARCH_PATHS = (
					"$(SDKROOT)/Developer/Library/Frameworks",
					"$(inherited)",
					"$(SYSTEM_APPS_DIR)/Xcode5-DP3.app/Contents/Developer/Library/Frameworks",
				);
				GCC_PRECOMPILE_PREFIX_HEADER = YES;
				GCC_PREFIX_HEADER = "ScanAreaBug/ScanAreaBug-Prefix.pch";
				INFOPLIST_FILE = "ScanAreaBugTests/ScanAreaBugTests-Info.plist";
				PRODUCT_NAME = "$(TARGET_NAME)";
				TEST_HOST = "$(BUNDLE_LOADER)";
				WRAPPER_EXTENSION = xctest;
			};
			name = Release;
		};
/* End XCBuildConfiguration section */

/* Begin XCConfigurationList section */
		A755E6D717A2AD6B00632BFE /* Build configuration list for PBXProject "ScanAreaBug" */ = {
			isa = XCConfigurationList;
			buildConfigurations = (
				A755E70C17A2AD6B00632BFE /* Debug */,
				A755E70D17A2AD6B00632BFE /* Release */,
			);
			defaultConfigurationIsVisible = 0;
			defaultConfigurationName = Release;
		};
		A755E70E17A2AD6B00632BFE /* Build configuration list for PBXNativeTarget "ScanAreaBug" */ = {
			isa = XCConfigurationList;
			buildConfigurations = (
				A755E70F17A2AD6B00632BFE /* Debug */,
				A755E71017A2AD6B00632BFE /* Release */,
			);
			defaultConfigurationIsVisible = 0;
		};
		A755E71117A2AD6B00632BFE /* Build configuration list for PBXNativeTarget "ScanAreaBugTests" */ = {
			isa = XCConfigurationList;
			buildConfigurations = (
				A755E71217A2AD6B00632BFE /* Debug */,
				A755E71317A2AD6B00632BFE /* Release */,
			);
			defaultConfigurationIsVisible = 0;
		};
/* End XCConfigurationList section */
	};
	rootObject = A755E6D417A2AD6B00632BFE /* Project object */;
}
