// !$*UTF8*$!
{
	archiveVersion = 1;
	classes = {
	};
	objectVersion = 46;
	objects = {

/* Begin PBXBuildFile section */
		A7A410351AF0DAD300DB6CE8 /* main.m in Sources */ = {isa = PBXBuildFile; fileRef = A7A410341AF0DAD300DB6CE8 /* main.m */; };
		A7A410381AF0DAD300DB6CE8 /* AppDelegate.m in Sources */ = {isa = PBXBuildFile; fileRef = A7A410371AF0DAD300DB6CE8 /* AppDelegate.m */; };
		A7A4103B1AF0DAD300DB6CE8 /* ViewController.m in Sources */ = {isa = PBXBuildFile; fileRef = A7A4103A1AF0DAD300DB6CE8 /* ViewController.m */; };
		A7A4103E1AF0DAD300DB6CE8 /* Main.storyboard in Resources */ = {isa = PBXBuildFile; fileRef = A7A4103C1AF0DAD300DB6CE8 /* Main.storyboard */; };
		A7A410401AF0DAD300DB6CE8 /* Images.xcassets in Resources */ = {isa = PBXBuildFile; fileRef = A7A4103F1AF0DAD300DB6CE8 /* Images.xcassets */; };
		A7A410431AF0DAD300DB6CE8 /* LaunchScreen.xib in Resources */ = {isa = PBXBuildFile; fileRef = A7A410411AF0DAD300DB6CE8 /* LaunchScreen.xib */; };
		A7A410591AF0DE0900DB6CE8 /* defaultnote.txt in Resources */ = {isa = PBXBuildFile; fileRef = A7A410581AF0DE0900DB6CE8 /* defaultnote.txt */; };
/* End PBXBuildFile section */

/* Begin PBXFileReference section */
		A7A4102F1AF0DAD300DB6CE8 /* textviewscrollbug.app */ = {isa = PBXFileReference; explicitFileType = wrapper.application; includeInIndex = 0; path = textviewscrollbug.app; sourceTree = BUILT_PRODUCTS_DIR; };
		A7A410331AF0DAD300DB6CE8 /* Info.plist */ = {isa = PBXFileReference; lastKnownFileType = text.plist.xml; path = Info.plist; sourceTree = "<group>"; };
		A7A410341AF0DAD300DB6CE8 /* main.m */ = {isa = PBXFileReference; lastKnownFileType = sourcecode.c.objc; path = main.m; sourceTree = "<group>"; };
		A7A410361AF0DAD300DB6CE8 /* AppDelegate.h */ = {isa = PBXFileReference; lastKnownFileType = sourcecode.c.h; path = AppDelegate.h; sourceTree = "<group>"; };
		A7A410371AF0DAD300DB6CE8 /* AppDelegate.m */ = {isa = PBXFileReference; lastKnownFileType = sourcecode.c.objc; path = AppDelegate.m; sourceTree = "<group>"; };
		A7A410391AF0DAD300DB6CE8 /* ViewController.h */ = {isa = PBXFileReference; lastKnownFileType = sourcecode.c.h; path = ViewController.h; sourceTree = "<group>"; };
		A7A4103A1AF0DAD300DB6CE8 /* ViewController.m */ = {isa = PBXFileReference; lastKnownFileType = sourcecode.c.objc; path = ViewController.m; sourceTree = "<group>"; };
		A7A4103D1AF0DAD300DB6CE8 /* Base */ = {isa = PBXFileReference; lastKnownFileType = file.storyboard; name = Base; path = Base.lproj/Main.storyboard; sourceTree = "<group>"; };
		A7A4103F1AF0DAD300DB6CE8 /* Images.xcassets */ = {isa = PBXFileReference; lastKnownFileType = folder.assetcatalog; path = Images.xcassets; sourceTree = "<group>"; };
		A7A410421AF0DAD300DB6CE8 /* Base */ = {isa = PBXFileReference; lastKnownFileType = file.xib; name = Base; path = Base.lproj/LaunchScreen.xib; sourceTree = "<group>"; };
		A7A410581AF0DE0900DB6CE8 /* defaultnote.txt */ = {isa = PBXFileReference; fileEncoding = 4; lastKnownFileType = text; path = defaultnote.txt; sourceTree = "<group>"; };
/* End PBXFileReference section */

/* Begin PBXFrameworksBuildPhase section */
		A7A4102C1AF0DAD300DB6CE8 /* Frameworks */ = {
			isa = PBXFrameworksBuildPhase;
			buildActionMask = 2147483647;
			files = (
			);
			runOnlyForDeploymentPostprocessing = 0;
		};
/* End PBXFrameworksBuildPhase section */

/* Begin PBXGroup section */
		A7A410261AF0DAD300DB6CE8 = {
			isa = PBXGroup;
			children = (
				A7A410311AF0DAD300DB6CE8 /* TextViewScrollBug */,
				A7A410301AF0DAD300DB6CE8 /* Products */,
			);
			sourceTree = "<group>";
		};
		A7A410301AF0DAD300DB6CE8 /* Products */ = {
			isa = PBXGroup;
			children = (
				A7A4102F1AF0DAD300DB6CE8 /* textviewscrollbug.app */,
			);
			name = Products;
			sourceTree = "<group>";
		};
		A7A410311AF0DAD300DB6CE8 /* TextViewScrollBug */ = {
			isa = PBXGroup;
			children = (
				A7A410581AF0DE0900DB6CE8 /* defaultnote.txt */,
				A7A410361AF0DAD300DB6CE8 /* AppDelegate.h */,
				A7A410371AF0DAD300DB6CE8 /* AppDelegate.m */,
				A7A410391AF0DAD300DB6CE8 /* ViewController.h */,
				A7A4103A1AF0DAD300DB6CE8 /* ViewController.m */,
				A7A4103C1AF0DAD300DB6CE8 /* Main.storyboard */,
				A7A4103F1AF0DAD300DB6CE8 /* Images.xcassets */,
				A7A410411AF0DAD300DB6CE8 /* LaunchScreen.xib */,
				A7A410321AF0DAD300DB6CE8 /* Supporting Files */,
			);
			name = TextViewScrollBug;
			path = textviewscrollbug;
			sourceTree = "<group>";
		};
		A7A410321AF0DAD300DB6CE8 /* Supporting Files */ = {
			isa = PBXGroup;
			children = (
				A7A410331AF0DAD300DB6CE8 /* Info.plist */,
				A7A410341AF0DAD300DB6CE8 /* main.m */,
			);
			name = "Supporting Files";
			sourceTree = "<group>";
		};
/* End PBXGroup section */

/* Begin PBXNativeTarget section */
		A7A4102E1AF0DAD300DB6CE8 /* textviewscrollbug */ = {
			isa = PBXNativeTarget;
			buildConfigurationList = A7A410521AF0DAD300DB6CE8 /* Build configuration list for PBXNativeTarget "textviewscrollbug" */;
			buildPhases = (
				A7A4102B1AF0DAD300DB6CE8 /* Sources */,
				A7A4102C1AF0DAD300DB6CE8 /* Frameworks */,
				A7A4102D1AF0DAD300DB6CE8 /* Resources */,
			);
			buildRules = (
			);
			dependencies = (
			);
			name = textviewscrollbug;
			productName = textviewscrollbug;
			productReference = A7A4102F1AF0DAD300DB6CE8 /* textviewscrollbug.app */;
			productType = "com.apple.product-type.application";
		};
/* End PBXNativeTarget section */

/* Begin PBXProject section */
		A7A410271AF0DAD300DB6CE8 /* Project object */ = {
			isa = PBXProject;
			attributes = {
				LastUpgradeCheck = 0630;
				ORGANIZATIONNAME = Cocoanetics;
				TargetAttributes = {
					A7A4102E1AF0DAD300DB6CE8 = {
						CreatedOnToolsVersion = 6.3.1;
					};
				};
			};
			buildConfigurationList = A7A4102A1AF0DAD300DB6CE8 /* Build configuration list for PBXProject "TextViewScrollBug" */;
			compatibilityVersion = "Xcode 3.2";
			developmentRegion = English;
			hasScannedForEncodings = 0;
			knownRegions = (
				en,
				Base,
			);
			mainGroup = A7A410261AF0DAD300DB6CE8;
			productRefGroup = A7A410301AF0DAD300DB6CE8 /* Products */;
			projectDirPath = "";
			projectRoot = "";
			targets = (
				A7A4102E1AF0DAD300DB6CE8 /* textviewscrollbug */,
			);
		};
/* End PBXProject section */

/* Begin PBXResourcesBuildPhase section */
		A7A4102D1AF0DAD300DB6CE8 /* Resources */ = {
			isa = PBXResourcesBuildPhase;
			buildActionMask = 2147483647;
			files = (
				A7A410591AF0DE0900DB6CE8 /* defaultnote.txt in Resources */,
				A7A4103E1AF0DAD300DB6CE8 /* Main.storyboard in Resources */,
				A7A410431AF0DAD300DB6CE8 /* LaunchScreen.xib in Resources */,
				A7A410401AF0DAD300DB6CE8 /* Images.xcassets in Resources */,
			);
			runOnlyForDeploymentPostprocessing = 0;
		};
/* End PBXResourcesBuildPhase section */

/* Begin PBXSourcesBuildPhase section */
		A7A4102B1AF0DAD300DB6CE8 /* Sources */ = {
			isa = PBXSourcesBuildPhase;
			buildActionMask = 2147483647;
			files = (
				A7A4103B1AF0DAD300DB6CE8 /* ViewController.m in Sources */,
				A7A410381AF0DAD300DB6CE8 /* AppDelegate.m in Sources */,
				A7A410351AF0DAD300DB6CE8 /* main.m in Sources */,
			);
			runOnlyForDeploymentPostprocessing = 0;
		};
/* End PBXSourcesBuildPhase section */

/* Begin PBXVariantGroup section */
		A7A4103C1AF0DAD300DB6CE8 /* Main.storyboard */ = {
			isa = PBXVariantGroup;
			children = (
				A7A4103D1AF0DAD300DB6CE8 /* Base */,
			);
			name = Main.storyboard;
			sourceTree = "<group>";
		};
		A7A410411AF0DAD300DB6CE8 /* LaunchScreen.xib */ = {
			isa = PBXVariantGroup;
			children = (
				A7A410421AF0DAD300DB6CE8 /* Base */,
			);
			name = LaunchScreen.xib;
			sourceTree = "<group>";
		};
/* End PBXVariantGroup section */

/* Begin XCBuildConfiguration section */
		A7A410501AF0DAD300DB6CE8 /* Debug */ = {
			isa = XCBuildConfiguration;
			buildSettings = {
				ALWAYS_SEARCH_USER_PATHS = NO;
				CLANG_CXX_LANGUAGE_STANDARD = "gnu++0x";
				CLANG_CXX_LIBRARY = "libc++";
				CLANG_ENABLE_MODULES = YES;
				CLANG_ENABLE_OBJC_ARC = YES;
				CLANG_WARN_BOOL_CONVERSION = YES;
				CLANG_WARN_CONSTANT_CONVERSION = YES;
				CLANG_WARN_DIRECT_OBJC_ISA_USAGE = YES_ERROR;
				CLANG_WARN_EMPTY_BODY = YES;
				CLANG_WARN_ENUM_CONVERSION = YES;
				CLANG_WARN_INT_CONVERSION = YES;
				CLANG_WARN_OBJC_ROOT_CLASS = YES_ERROR;
				CLANG_WARN_UNREACHABLE_CODE = YES;
				CLANG_WARN__DUPLICATE_METHOD_MATCH = YES;
				"CODE_SIGN_IDENTITY[sdk=iphoneos*]" = "iPhone Developer";
				COPY_PHASE_STRIP = NO;
				DEBUG_INFORMATION_FORMAT = "dwarf-with-dsym";
				ENABLE_STRICT_OBJC_MSGSEND = YES;
				GCC_C_LANGUAGE_STANDARD = gnu99;
				GCC_DYNAMIC_NO_PIC = NO;
				GCC_NO_COMMON_BLOCKS = YES;
				GCC_OPTIMIZATION_LEVEL = 0;
				GCC_PREPROCESSOR_DEFINITIONS = (
					"DEBUG=1",
					"$(inherited)",
				);
				GCC_SYMBOLS_PRIVATE_EXTERN = NO;
				GCC_WARN_64_TO_32_BIT_CONVERSION = YES;
				GCC_WARN_ABOUT_RETURN_TYPE = YES_ERROR;
				GCC_WARN_UNDECLARED_SELECTOR = YES;
				GCC_WARN_UNINITIALIZED_AUTOS = YES_AGGRESSIVE;
				GCC_WARN_UNUSED_FUNCTION = YES;
				GCC_WARN_UNUSED_VARIABLE = YES;
				IPHONEOS_DEPLOYMENT_TARGET = 8.3;
				MTL_ENABLE_DEBUG_INFO = YES;
				ONLY_ACTIVE_ARCH = YES;
				SDKROOT = iphoneos;
			};
			name = Debug;
		};
		A7A410511AF0DAD300DB6CE8 /* Release */ = {
			isa = XCBuildConfiguration;
			buildSettings = {
				ALWAYS_SEARCH_USER_PATHS = NO;
				CLANG_CXX_LANGUAGE_STANDARD = "gnu++0x";
				CLANG_CXX_LIBRARY = "libc++";
				CLANG_ENABLE_MODULES = YES;
				CLANG_ENABLE_OBJC_ARC = YES;
				CLANG_WARN_BOOL_CONVERSION = YES;
				CLANG_WARN_CONSTANT_CONVERSION = YES;
				CLANG_WARN_DIRECT_OBJC_ISA_USAGE = YES_ERROR;
				CLANG_WARN_EMPTY_BODY = YES;
				CLANG_WARN_ENUM_CONVERSION = YES;
				CLANG_WARN_INT_CONVERSION = YES;
				CLANG_WARN_OBJC_ROOT_CLASS = YES_ERROR;
				CLANG_WARN_UNREACHABLE_CODE = YES;
				CLANG_WARN__DUPLICATE_METHOD_MATCH = YES;
				"CODE_SIGN_IDENTITY[sdk=iphoneos*]" = "iPhone Developer";
				COPY_PHASE_STRIP = NO;
				DEBUG_INFORMATION_FORMAT = "dwarf-with-dsym";
				ENABLE_NS_ASSERTIONS = NO;
				ENABLE_STRICT_OBJC_MSGSEND = YES;
				GCC_C_LANGUAGE_STANDARD = gnu99;
				GCC_NO_COMMON_BLOCKS = YES;
				GCC_WARN_64_TO_32_BIT_CONVERSION = YES;
				GCC_WARN_ABOUT_RETURN_TYPE = YES_ERROR;
				GCC_WARN_UNDECLARED_SELECTOR = YES;
				GCC_WARN_UNINITIALIZED_AUTOS = YES_AGGRESSIVE;
				GCC_WARN_UNUSED_FUNCTION = YES;
				GCC_WARN_UNUSED_VARIABLE = YES;
				IPHONEOS_DEPLOYMENT_TARGET = 8.3;
				MTL_ENABLE_DEBUG_INFO = NO;
				SDKROOT = iphoneos;
				VALIDATE_PRODUCT = YES;
			};
			name = Release;
		};
		A7A410531AF0DAD300DB6CE8 /* Debug */ = {
			isa = XCBuildConfiguration;
			buildSettings = {
				ASSETCATALOG_COMPILER_APPICON_NAME = AppIcon;
				INFOPLIST_FILE = textviewscrollbug/Info.plist;
				IPHONEOS_DEPLOYMENT_TARGET = 7.0;
				LD_RUNPATH_SEARCH_PATHS = "$(inherited) @executable_path/Frameworks";
				PRODUCT_NAME = "$(TARGET_NAME)";
			};
			name = Debug;
		};
		A7A410541AF0DAD300DB6CE8 /* Release */ = {
			isa = XCBuildConfiguration;
			buildSettings = {
				ASSETCATALOG_COMPILER_APPICON_NAME = AppIcon;
				INFOPLIST_FILE = textviewscrollbug/Info.plist;
				IPHONEOS_DEPLOYMENT_TARGET = 7.0;
				LD_RUNPATH_SEARCH_PATHS = "$(inherited) @executable_path/Frameworks";
				PRODUCT_NAME = "$(TARGET_NAME)";
			};
			name = Release;
		};
/* End XCBuildConfiguration section */

/* Begin XCConfigurationList section */
		A7A4102A1AF0DAD300DB6CE8 /* Build configuration list for PBXProject "TextViewScrollBug" */ = {
			isa = XCConfigurationList;
			buildConfigurations = (
				A7A410501AF0DAD300DB6CE8 /* Debug */,
				A7A410511AF0DAD300DB6CE8 /* Release */,
			);
			defaultConfigurationIsVisible = 0;
			defaultConfigurationName = Release;
		};
		A7A410521AF0DAD300DB6CE8 /* Build configuration list for PBXNativeTarget "textviewscrollbug" */ = {
			isa = XCConfigurationList;
			buildConfigurations = (
				A7A410531AF0DAD300DB6CE8 /* Debug */,
				A7A410541AF0DAD300DB6CE8 /* Release */,
			);
			defaultConfigurationIsVisible = 0;
			defaultConfigurationName = Release;
		};
/* End XCConfigurationList section */
	};
	rootObject = A7A410271AF0DAD300DB6CE8 /* Project object */;
}
